# THIS IS AN AUTOGENERATED FILE. DO NOT EDIT THIS FILE DIRECTLY.
# yarn lockfile v1


react-native-mmkv@^3.0.2:
  version "3.0.2"
  resolved "https://registry.yarnpkg.com/react-native-mmkv/-/react-native-mmkv-3.0.2.tgz#c6376678d33d51a5ace3285c8bbcb5cb613c2741"
  integrity sha512-zd+n5qLDy8Ptcj+ZIVa/pkGgL13X/8xFId3o4Ec9TpQVjM3BJaIszNc8jo6UF7dtndtVcvLDoBWBkkYmkpdTYA==

zustand@^5.0.0-rc.2:
  version "5.0.0-rc.2"
  resolved "https://registry.yarnpkg.com/zustand/-/zustand-5.0.0-rc.2.tgz#d28d95ffb6f0b20cadbaea39210f18446a5bf989"
  integrity sha512-o2Nwuvnk8vQBX7CcHL8WfFkZNJdxB/VKeWw0tNglw8p4cypsZ3tRT7rTRTDNeUPFS0qaMBRSKe+fVwL5xpcE3A==
